
Microsoft Visual Studio Solution File, Format Version 12.00
# Visual Studio Version 16
VisualStudioVersion = 16.0.29411.108
MinimumVisualStudioVersion = 10.0.40219.1
Project("{FAE04EC0-301F-11D3-BF4B-00C04F79EFBC}") = "FOOTBALL TEAMS", "FOOTBALL TEAMS\FOOTBALL TEAMS.csproj", "{863F1F92-7F3C-4961-AA9C-825E09D7738F}"
EndProject
Global
	GlobalSection(SolutionConfigurationPlatforms) = preSolution
		Debug|Any CPU = Debug|Any CPU
		Release|Any CPU = Release|Any CPU
	EndGlobalSection
	GlobalSection(ProjectConfigurationPlatforms) = postSolution
		{863F1F92-7F3C-4961-AA9C-825E09D7738F}.Debug|Any CPU.ActiveCfg = Debug|Any CPU
		{863F1F92-7F3C-4961-AA9C-825E09D7738F}.Debug|Any CPU.Build.0 = Debug|Any CPU
		{863F1F92-7F3C-4961-AA9C-825E09D7738F}.Release|Any CPU.ActiveCfg = Release|Any CPU
		{863F1F92-7F3C-4961-AA9C-825E09D7738F}.Release|Any CPU.Build.0 = Release|Any CPU
	EndGlobalSection
	GlobalSection(SolutionProperties) = preSolution
		HideSolutionNode = FALSE
	EndGlobalSection
	GlobalSection(ExtensibilityGlobals) = postSolution
		SolutionGuid = {789D6070-80FD-4EA9-AC6A-B026A382F23E}
	EndGlobalSection
EndGlobal
